PODS:
  - lottie-ios (2.5.2)
  - R.swift (5.2.2):
    - R.swift.Library (~> 5.2.0)
  - R.swift.Library (5.2.0)
  - Shakuro.CommonTypes (1.1.3)

DEPENDENCIES:
  - lottie-ios (= 2.5.2)
  - R.swift (= 5.2.2)
  - Shakuro.CommonTypes

SPEC REPOS:
  trunk:
    - lottie-ios
    - R.swift
    - R.swift.Library
    - Shakuro.CommonTypes

SPEC CHECKSUMS:
  lottie-ios: 3fef45d3fabe63e3c7c2eb603dd64ddfffc73062
  R.swift: 7c52cdc57a66840ffe6cbd8a823d732059d42a32
  R.swift.Library: 5ba4f1631300caf9a4d890186930da85d540769d
  Shakuro.CommonTypes: 97a477905259f2ac278a999ad38af8dfa9dd6c87

PODFILE CHECKSUM: db2e895ec1559c0056f9cd27f516dad60420b357

COCOAPODS: 1.11.3
