// !$*UTF8*$!
{
	archiveVersion = 1;
	classes = {
	};
	objectVersion = 55;
	objects = {

/* Begin PBXBuildFile section */
		60C2430628001D4100D40E59 /* AppDelegate.swift in Sources */ = {isa = PBXBuildFile; fileRef = 60C2430528001D4100D40E59 /* AppDelegate.swift */; };
		60C2430828001D4100D40E59 /* SceneDelegate.swift in Sources */ = {isa = PBXBuildFile; fileRef = 60C2430728001D4100D40E59 /* SceneDelegate.swift */; };
		60C2430F28001D4500D40E59 /* Assets.xcassets in Resources */ = {isa = PBXBuildFile; fileRef = 60C2430E28001D4500D40E59 /* Assets.xcassets */; };
		60C2431228001D4500D40E59 /* LaunchScreen.storyboard in Resources */ = {isa = PBXBuildFile; fileRef = 60C2431028001D4500D40E59 /* LaunchScreen.storyboard */; };
		60C2432028001E5300D40E59 /* ThermostatViewController.swift in Sources */ = {isa = PBXBuildFile; fileRef = 60C2431928001E5200D40E59 /* ThermostatViewController.swift */; };
		60C2432128001E5300D40E59 /* Main.storyboard in Resources */ = {isa = PBXBuildFile; fileRef = 60C2431A28001E5200D40E59 /* Main.storyboard */; };
		60C2432228001E5300D40E59 /* DecelerationBehaviour.swift in Sources */ = {isa = PBXBuildFile; fileRef = 60C2431B28001E5200D40E59 /* DecelerationBehaviour.swift */; };
		60C2432328001E5300D40E59 /* DrumView.swift in Sources */ = {isa = PBXBuildFile; fileRef = 60C2431C28001E5200D40E59 /* DrumView.swift */; };
		60C2432428001E5300D40E59 /* CustomSliderView.swift in Sources */ = {isa = PBXBuildFile; fileRef = 60C2431D28001E5200D40E59 /* CustomSliderView.swift */; };
		60C2432528001E5300D40E59 /* CircleGestureRecognizer.swift in Sources */ = {isa = PBXBuildFile; fileRef = 60C2431E28001E5200D40E59 /* CircleGestureRecognizer.swift */; };
		60C2432628001E5300D40E59 /* UIView+Rotate.swift in Sources */ = {isa = PBXBuildFile; fileRef = 60C2431F28001E5300D40E59 /* UIView+Rotate.swift */; };
		60C243302800211900D40E59 /* ScaleValueView.swift in Sources */ = {isa = PBXBuildFile; fileRef = 60C243282800211900D40E59 /* ScaleValueView.swift */; };
		60C243312800211900D40E59 /* CGFloat+RoundToNearest.swift in Sources */ = {isa = PBXBuildFile; fileRef = 60C243292800211900D40E59 /* CGFloat+RoundToNearest.swift */; };
		60C243322800211900D40E59 /* ScaleStepRange.swift in Sources */ = {isa = PBXBuildFile; fileRef = 60C2432A2800211900D40E59 /* ScaleStepRange.swift */; };
		60C243332800211900D40E59 /* SliderView.swift in Sources */ = {isa = PBXBuildFile; fileRef = 60C2432B2800211900D40E59 /* SliderView.swift */; };
		60C243342800211900D40E59 /* CurrentValueIndicatorView.swift in Sources */ = {isa = PBXBuildFile; fileRef = 60C2432C2800211900D40E59 /* CurrentValueIndicatorView.swift */; };
		60C243352800211900D40E59 /* DefaultSliderValueTransformer+FactoryMethods.swift in Sources */ = {isa = PBXBuildFile; fileRef = 60C2432D2800211900D40E59 /* DefaultSliderValueTransformer+FactoryMethods.swift */; };
		60C243362800211900D40E59 /* SliderValueTransformer.swift in Sources */ = {isa = PBXBuildFile; fileRef = 60C2432E2800211900D40E59 /* SliderValueTransformer.swift */; };
		60C243372800211900D40E59 /* TemperatureUnit.swift in Sources */ = {isa = PBXBuildFile; fileRef = 60C2432F2800211900D40E59 /* TemperatureUnit.swift */; };
		60C2433D28002F4C00D40E59 /* TintAlphaButton.swift in Sources */ = {isa = PBXBuildFile; fileRef = 60C2433B28002F4C00D40E59 /* TintAlphaButton.swift */; };
		60C2433E28002F4D00D40E59 /* HumidistatStylesheet.swift in Sources */ = {isa = PBXBuildFile; fileRef = 60C2433C28002F4C00D40E59 /* HumidistatStylesheet.swift */; };
		60C24340280030BC00D40E59 /* StateAlphaButton.swift in Sources */ = {isa = PBXBuildFile; fileRef = 60C2433F280030BC00D40E59 /* StateAlphaButton.swift */; };
		60C24342280033A300D40E59 /* CGPoint+Distance.swift in Sources */ = {isa = PBXBuildFile; fileRef = 60C24341280033A300D40E59 /* CGPoint+Distance.swift */; };
		60C243442800358800D40E59 /* R.generated.swift in Sources */ = {isa = PBXBuildFile; fileRef = 60C243432800358800D40E59 /* R.generated.swift */; };
		B8294FC4F04F703DB2A37E81 /* Pods_ThermostatControl.framework in Frameworks */ = {isa = PBXBuildFile; fileRef = C1D9D4EC798BEC2048F6F773 /* Pods_ThermostatControl.framework */; };
/* End PBXBuildFile section */

/* Begin PBXFileReference section */
		60C2430228001D4100D40E59 /* ThermostatControl.app */ = {isa = PBXFileReference; explicitFileType = wrapper.application; includeInIndex = 0; path = ThermostatControl.app; sourceTree = BUILT_PRODUCTS_DIR; };
		60C2430528001D4100D40E59 /* AppDelegate.swift */ = {isa = PBXFileReference; lastKnownFileType = sourcecode.swift; path = AppDelegate.swift; sourceTree = "<group>"; };
		60C2430728001D4100D40E59 /* SceneDelegate.swift */ = {isa = PBXFileReference; lastKnownFileType = sourcecode.swift; path = SceneDelegate.swift; sourceTree = "<group>"; };
		60C2430E28001D4500D40E59 /* Assets.xcassets */ = {isa = PBXFileReference; lastKnownFileType = folder.assetcatalog; path = Assets.xcassets; sourceTree = "<group>"; };
		60C2431128001D4500D40E59 /* Base */ = {isa = PBXFileReference; lastKnownFileType = file.storyboard; name = Base; path = Base.lproj/LaunchScreen.storyboard; sourceTree = "<group>"; };
		60C2431328001D4500D40E59 /* Info.plist */ = {isa = PBXFileReference; lastKnownFileType = text.plist.xml; path = Info.plist; sourceTree = "<group>"; };
		60C2431928001E5200D40E59 /* ThermostatViewController.swift */ = {isa = PBXFileReference; fileEncoding = 4; lastKnownFileType = sourcecode.swift; path = ThermostatViewController.swift; sourceTree = "<group>"; };
		60C2431A28001E5200D40E59 /* Main.storyboard */ = {isa = PBXFileReference; fileEncoding = 4; lastKnownFileType = file.storyboard; path = Main.storyboard; sourceTree = "<group>"; };
		60C2431B28001E5200D40E59 /* DecelerationBehaviour.swift */ = {isa = PBXFileReference; fileEncoding = 4; lastKnownFileType = sourcecode.swift; path = DecelerationBehaviour.swift; sourceTree = "<group>"; };
		60C2431C28001E5200D40E59 /* DrumView.swift */ = {isa = PBXFileReference; fileEncoding = 4; lastKnownFileType = sourcecode.swift; path = DrumView.swift; sourceTree = "<group>"; };
		60C2431D28001E5200D40E59 /* CustomSliderView.swift */ = {isa = PBXFileReference; fileEncoding = 4; lastKnownFileType = sourcecode.swift; path = CustomSliderView.swift; sourceTree = "<group>"; };
		60C2431E28001E5200D40E59 /* CircleGestureRecognizer.swift */ = {isa = PBXFileReference; fileEncoding = 4; lastKnownFileType = sourcecode.swift; path = CircleGestureRecognizer.swift; sourceTree = "<group>"; };
		60C2431F28001E5300D40E59 /* UIView+Rotate.swift */ = {isa = PBXFileReference; fileEncoding = 4; lastKnownFileType = sourcecode.swift; path = "UIView+Rotate.swift"; sourceTree = "<group>"; };
		60C243282800211900D40E59 /* ScaleValueView.swift */ = {isa = PBXFileReference; fileEncoding = 4; lastKnownFileType = sourcecode.swift; path = ScaleValueView.swift; sourceTree = "<group>"; };
		60C243292800211900D40E59 /* CGFloat+RoundToNearest.swift */ = {isa = PBXFileReference; fileEncoding = 4; lastKnownFileType = sourcecode.swift; path = "CGFloat+RoundToNearest.swift"; sourceTree = "<group>"; };
		60C2432A2800211900D40E59 /* ScaleStepRange.swift */ = {isa = PBXFileReference; fileEncoding = 4; lastKnownFileType = sourcecode.swift; path = ScaleStepRange.swift; sourceTree = "<group>"; };
		60C2432B2800211900D40E59 /* SliderView.swift */ = {isa = PBXFileReference; fileEncoding = 4; lastKnownFileType = sourcecode.swift; path = SliderView.swift; sourceTree = "<group>"; };
		60C2432C2800211900D40E59 /* CurrentValueIndicatorView.swift */ = {isa = PBXFileReference; fileEncoding = 4; lastKnownFileType = sourcecode.swift; path = CurrentValueIndicatorView.swift; sourceTree = "<group>"; };
		60C2432D2800211900D40E59 /* DefaultSliderValueTransformer+FactoryMethods.swift */ = {isa = PBXFileReference; fileEncoding = 4; lastKnownFileType = sourcecode.swift; path = "DefaultSliderValueTransformer+FactoryMethods.swift"; sourceTree = "<group>"; };
		60C2432E2800211900D40E59 /* SliderValueTransformer.swift */ = {isa = PBXFileReference; fileEncoding = 4; lastKnownFileType = sourcecode.swift; path = SliderValueTransformer.swift; sourceTree = "<group>"; };
		60C2432F2800211900D40E59 /* TemperatureUnit.swift */ = {isa = PBXFileReference; fileEncoding = 4; lastKnownFileType = sourcecode.swift; path = TemperatureUnit.swift; sourceTree = "<group>"; };
		60C2433B28002F4C00D40E59 /* TintAlphaButton.swift */ = {isa = PBXFileReference; fileEncoding = 4; lastKnownFileType = sourcecode.swift; path = TintAlphaButton.swift; sourceTree = "<group>"; };
		60C2433C28002F4C00D40E59 /* HumidistatStylesheet.swift */ = {isa = PBXFileReference; fileEncoding = 4; lastKnownFileType = sourcecode.swift; path = HumidistatStylesheet.swift; sourceTree = "<group>"; };
		60C2433F280030BC00D40E59 /* StateAlphaButton.swift */ = {isa = PBXFileReference; fileEncoding = 4; lastKnownFileType = sourcecode.swift; path = StateAlphaButton.swift; sourceTree = "<group>"; };
		60C24341280033A300D40E59 /* CGPoint+Distance.swift */ = {isa = PBXFileReference; lastKnownFileType = sourcecode.swift; path = "CGPoint+Distance.swift"; sourceTree = "<group>"; };
		60C243432800358800D40E59 /* R.generated.swift */ = {isa = PBXFileReference; fileEncoding = 4; lastKnownFileType = sourcecode.swift; path = R.generated.swift; sourceTree = "<group>"; };
		B37E7521756488CD6C143034 /* Pods-ThermostatControl.debug.xcconfig */ = {isa = PBXFileReference; includeInIndex = 1; lastKnownFileType = text.xcconfig; name = "Pods-ThermostatControl.debug.xcconfig"; path = "Target Support Files/Pods-ThermostatControl/Pods-ThermostatControl.debug.xcconfig"; sourceTree = "<group>"; };
		C1D9D4EC798BEC2048F6F773 /* Pods_ThermostatControl.framework */ = {isa = PBXFileReference; explicitFileType = wrapper.framework; includeInIndex = 0; path = Pods_ThermostatControl.framework; sourceTree = BUILT_PRODUCTS_DIR; };
		C670F86A43B8ECAB742720D1 /* Pods-ThermostatControl.release.xcconfig */ = {isa = PBXFileReference; includeInIndex = 1; lastKnownFileType = text.xcconfig; name = "Pods-ThermostatControl.release.xcconfig"; path = "Target Support Files/Pods-ThermostatControl/Pods-ThermostatControl.release.xcconfig"; sourceTree = "<group>"; };
/* End PBXFileReference section */

/* Begin PBXFrameworksBuildPhase section */
		60C242FF28001D4100D40E59 /* Frameworks */ = {
			isa = PBXFrameworksBuildPhase;
			buildActionMask = 2147483647;
			files = (
				B8294FC4F04F703DB2A37E81 /* Pods_ThermostatControl.framework in Frameworks */,
			);
			runOnlyForDeploymentPostprocessing = 0;
		};
/* End PBXFrameworksBuildPhase section */

/* Begin PBXGroup section */
		60C242F928001D4100D40E59 = {
			isa = PBXGroup;
			children = (
				60C2430428001D4100D40E59 /* ThermostatControl */,
				60C2430328001D4100D40E59 /* Products */,
				787A77D6FC4D7FA2BAEE98DF /* Pods */,
				8488C5D18295F2D954251335 /* Frameworks */,
			);
			sourceTree = "<group>";
		};
		60C2430328001D4100D40E59 /* Products */ = {
			isa = PBXGroup;
			children = (
				60C2430228001D4100D40E59 /* ThermostatControl.app */,
			);
			name = Products;
			sourceTree = "<group>";
		};
		60C2430428001D4100D40E59 /* ThermostatControl */ = {
			isa = PBXGroup;
			children = (
				60C243432800358800D40E59 /* R.generated.swift */,
				60C243272800211900D40E59 /* SliderView */,
				60C2430528001D4100D40E59 /* AppDelegate.swift */,
				60C2430728001D4100D40E59 /* SceneDelegate.swift */,
				60C2431E28001E5200D40E59 /* CircleGestureRecognizer.swift */,
				60C2431D28001E5200D40E59 /* CustomSliderView.swift */,
				60C2431B28001E5200D40E59 /* DecelerationBehaviour.swift */,
				60C2431C28001E5200D40E59 /* DrumView.swift */,
				60C2431A28001E5200D40E59 /* Main.storyboard */,
				60C2431928001E5200D40E59 /* ThermostatViewController.swift */,
				60C2431F28001E5300D40E59 /* UIView+Rotate.swift */,
				60C2433C28002F4C00D40E59 /* HumidistatStylesheet.swift */,
				60C2433F280030BC00D40E59 /* StateAlphaButton.swift */,
				60C2433B28002F4C00D40E59 /* TintAlphaButton.swift */,
				60C24341280033A300D40E59 /* CGPoint+Distance.swift */,
				60C2430E28001D4500D40E59 /* Assets.xcassets */,
				60C2431028001D4500D40E59 /* LaunchScreen.storyboard */,
				60C2431328001D4500D40E59 /* Info.plist */,
			);
			path = ThermostatControl;
			sourceTree = "<group>";
		};
		60C243272800211900D40E59 /* SliderView */ = {
			isa = PBXGroup;
			children = (
				60C243282800211900D40E59 /* ScaleValueView.swift */,
				60C243292800211900D40E59 /* CGFloat+RoundToNearest.swift */,
				60C2432A2800211900D40E59 /* ScaleStepRange.swift */,
				60C2432B2800211900D40E59 /* SliderView.swift */,
				60C2432C2800211900D40E59 /* CurrentValueIndicatorView.swift */,
				60C2432D2800211900D40E59 /* DefaultSliderValueTransformer+FactoryMethods.swift */,
				60C2432E2800211900D40E59 /* SliderValueTransformer.swift */,
				60C2432F2800211900D40E59 /* TemperatureUnit.swift */,
			);
			path = SliderView;
			sourceTree = "<group>";
		};
		787A77D6FC4D7FA2BAEE98DF /* Pods */ = {
			isa = PBXGroup;
			children = (
				B37E7521756488CD6C143034 /* Pods-ThermostatControl.debug.xcconfig */,
				C670F86A43B8ECAB742720D1 /* Pods-ThermostatControl.release.xcconfig */,
			);
			path = Pods;
			sourceTree = "<group>";
		};
		8488C5D18295F2D954251335 /* Frameworks */ = {
			isa = PBXGroup;
			children = (
				C1D9D4EC798BEC2048F6F773 /* Pods_ThermostatControl.framework */,
			);
			name = Frameworks;
			sourceTree = "<group>";
		};
/* End PBXGroup section */

/* Begin PBXNativeTarget section */
		60C2430128001D4100D40E59 /* ThermostatControl */ = {
			isa = PBXNativeTarget;
			buildConfigurationList = 60C2431628001D4500D40E59 /* Build configuration list for PBXNativeTarget "ThermostatControl" */;
			buildPhases = (
				7859DE40BF66471C64C5FA2B /* [CP] Check Pods Manifest.lock */,
				60C243382800296400D40E59 /* R.swift script */,
				60C242FE28001D4100D40E59 /* Sources */,
				60C242FF28001D4100D40E59 /* Frameworks */,
				60C2430028001D4100D40E59 /* Resources */,
				9B8B072F4EB5AE4E35831FE0 /* [CP] Embed Pods Frameworks */,
			);
			buildRules = (
			);
			dependencies = (
			);
			name = ThermostatControl;
			productName = ThermostatControl;
			productReference = 60C2430228001D4100D40E59 /* ThermostatControl.app */;
			productType = "com.apple.product-type.application";
		};
/* End PBXNativeTarget section */

/* Begin PBXProject section */
		60C242FA28001D4100D40E59 /* Project object */ = {
			isa = PBXProject;
			attributes = {
				BuildIndependentTargetsInParallel = 1;
				LastSwiftUpdateCheck = 1330;
				LastUpgradeCheck = 1330;
				TargetAttributes = {
					60C2430128001D4100D40E59 = {
						CreatedOnToolsVersion = 13.3;
					};
				};
			};
			buildConfigurationList = 60C242FD28001D4100D40E59 /* Build configuration list for PBXProject "ThermostatControl" */;
			compatibilityVersion = "Xcode 13.0";
			developmentRegion = en;
			hasScannedForEncodings = 0;
			knownRegions = (
				en,
				Base,
			);
			mainGroup = 60C242F928001D4100D40E59;
			productRefGroup = 60C2430328001D4100D40E59 /* Products */;
			projectDirPath = "";
			projectRoot = "";
			targets = (
				60C2430128001D4100D40E59 /* ThermostatControl */,
			);
		};
/* End PBXProject section */

/* Begin PBXResourcesBuildPhase section */
		60C2430028001D4100D40E59 /* Resources */ = {
			isa = PBXResourcesBuildPhase;
			buildActionMask = 2147483647;
			files = (
				60C2431228001D4500D40E59 /* LaunchScreen.storyboard in Resources */,
				60C2430F28001D4500D40E59 /* Assets.xcassets in Resources */,
				60C2432128001E5300D40E59 /* Main.storyboard in Resources */,
			);
			runOnlyForDeploymentPostprocessing = 0;
		};
/* End PBXResourcesBuildPhase section */

/* Begin PBXShellScriptBuildPhase section */
		60C243382800296400D40E59 /* R.swift script */ = {
			isa = PBXShellScriptBuildPhase;
			buildActionMask = 2147483647;
			files = (
			);
			inputFileListPaths = (
			);
			inputPaths = (
				"$TEMP_DIR/rswift-lastrun",
			);
			name = "R.swift script";
			outputFileListPaths = (
			);
			outputPaths = (
				$SRCROOT/ThermostatControl/R.generated.swift,
			);
			runOnlyForDeploymentPostprocessing = 0;
			shellPath = /bin/sh;
			shellScript = "# Type a script or drag a script file from your workspace to insert its path.\n\"$PODS_ROOT/R.swift/rswift\" generate \"$SRCROOT/ThermostatControl/R.generated.swift\"\n";
		};
		7859DE40BF66471C64C5FA2B /* [CP] Check Pods Manifest.lock */ = {
			isa = PBXShellScriptBuildPhase;
			buildActionMask = 2147483647;
			files = (
			);
			inputFileListPaths = (
			);
			inputPaths = (
				"${PODS_PODFILE_DIR_PATH}/Podfile.lock",
				"${PODS_ROOT}/Manifest.lock",
			);
			name = "[CP] Check Pods Manifest.lock";
			outputFileListPaths = (
			);
			outputPaths = (
				"$(DERIVED_FILE_DIR)/Pods-ThermostatControl-checkManifestLockResult.txt",
			);
			runOnlyForDeploymentPostprocessing = 0;
			shellPath = /bin/sh;
			shellScript = "diff \"${PODS_PODFILE_DIR_PATH}/Podfile.lock\" \"${PODS_ROOT}/Manifest.lock\" > /dev/null\nif [ $? != 0 ] ; then\n    # print error to STDERR\n    echo \"error: The sandbox is not in sync with the Podfile.lock. Run 'pod install' or update your CocoaPods installation.\" >&2\n    exit 1\nfi\n# This output is used by Xcode 'outputs' to avoid re-running this script phase.\necho \"SUCCESS\" > \"${SCRIPT_OUTPUT_FILE_0}\"\n";
			showEnvVarsInLog = 0;
		};
		9B8B072F4EB5AE4E35831FE0 /* [CP] Embed Pods Frameworks */ = {
			isa = PBXShellScriptBuildPhase;
			buildActionMask = 2147483647;
			files = (
			);
			inputFileListPaths = (
				"${PODS_ROOT}/Target Support Files/Pods-ThermostatControl/Pods-ThermostatControl-frameworks-${CONFIGURATION}-input-files.xcfilelist",
			);
			name = "[CP] Embed Pods Frameworks";
			outputFileListPaths = (
				"${PODS_ROOT}/Target Support Files/Pods-ThermostatControl/Pods-ThermostatControl-frameworks-${CONFIGURATION}-output-files.xcfilelist",
			);
			runOnlyForDeploymentPostprocessing = 0;
			shellPath = /bin/sh;
			shellScript = "\"${PODS_ROOT}/Target Support Files/Pods-ThermostatControl/Pods-ThermostatControl-frameworks.sh\"\n";
			showEnvVarsInLog = 0;
		};
/* End PBXShellScriptBuildPhase section */

/* Begin PBXSourcesBuildPhase section */
		60C242FE28001D4100D40E59 /* Sources */ = {
			isa = PBXSourcesBuildPhase;
			buildActionMask = 2147483647;
			files = (
				60C24342280033A300D40E59 /* CGPoint+Distance.swift in Sources */,
				60C2432428001E5300D40E59 /* CustomSliderView.swift in Sources */,
				60C243332800211900D40E59 /* SliderView.swift in Sources */,
				60C2432628001E5300D40E59 /* UIView+Rotate.swift in Sources */,
				60C2432528001E5300D40E59 /* CircleGestureRecognizer.swift in Sources */,
				60C2432228001E5300D40E59 /* DecelerationBehaviour.swift in Sources */,
				60C243352800211900D40E59 /* DefaultSliderValueTransformer+FactoryMethods.swift in Sources */,
				60C243342800211900D40E59 /* CurrentValueIndicatorView.swift in Sources */,
				60C243442800358800D40E59 /* R.generated.swift in Sources */,
				60C2430628001D4100D40E59 /* AppDelegate.swift in Sources */,
				60C24340280030BC00D40E59 /* StateAlphaButton.swift in Sources */,
				60C2433E28002F4D00D40E59 /* HumidistatStylesheet.swift in Sources */,
				60C2433D28002F4C00D40E59 /* TintAlphaButton.swift in Sources */,
				60C2430828001D4100D40E59 /* SceneDelegate.swift in Sources */,
				60C243362800211900D40E59 /* SliderValueTransformer.swift in Sources */,
				60C2432328001E5300D40E59 /* DrumView.swift in Sources */,
				60C243322800211900D40E59 /* ScaleStepRange.swift in Sources */,
				60C243372800211900D40E59 /* TemperatureUnit.swift in Sources */,
				60C2432028001E5300D40E59 /* ThermostatViewController.swift in Sources */,
				60C243312800211900D40E59 /* CGFloat+RoundToNearest.swift in Sources */,
				60C243302800211900D40E59 /* ScaleValueView.swift in Sources */,
			);
			runOnlyForDeploymentPostprocessing = 0;
		};
/* End PBXSourcesBuildPhase section */

/* Begin PBXVariantGroup section */
		60C2431028001D4500D40E59 /* LaunchScreen.storyboard */ = {
			isa = PBXVariantGroup;
			children = (
				60C2431128001D4500D40E59 /* Base */,
			);
			name = LaunchScreen.storyboard;
			sourceTree = "<group>";
		};
/* End PBXVariantGroup section */

/* Begin XCBuildConfiguration section */
		60C2431428001D4500D40E59 /* Debug */ = {
			isa = XCBuildConfiguration;
			buildSettings = {
				ALWAYS_SEARCH_USER_PATHS = NO;
				CLANG_ANALYZER_NONNULL = YES;
				CLANG_ANALYZER_NUMBER_OBJECT_CONVERSION = YES_AGGRESSIVE;
				CLANG_CXX_LANGUAGE_STANDARD = "gnu++17";
				CLANG_ENABLE_MODULES = YES;
				CLANG_ENABLE_OBJC_ARC = YES;
				CLANG_ENABLE_OBJC_WEAK = YES;
				CLANG_WARN_BLOCK_CAPTURE_AUTORELEASING = YES;
				CLANG_WARN_BOOL_CONVERSION = YES;
				CLANG_WARN_COMMA = YES;
				CLANG_WARN_CONSTANT_CONVERSION = YES;
				CLANG_WARN_DEPRECATED_OBJC_IMPLEMENTATIONS = YES;
				CLANG_WARN_DIRECT_OBJC_ISA_USAGE = YES_ERROR;
				CLANG_WARN_DOCUMENTATION_COMMENTS = YES;
				CLANG_WARN_EMPTY_BODY = YES;
				CLANG_WARN_ENUM_CONVERSION = YES;
				CLANG_WARN_INFINITE_RECURSION = YES;
				CLANG_WARN_INT_CONVERSION = YES;
				CLANG_WARN_NON_LITERAL_NULL_CONVERSION = YES;
				CLANG_WARN_OBJC_IMPLICIT_RETAIN_SELF = YES;
				CLANG_WARN_OBJC_LITERAL_CONVERSION = YES;
				CLANG_WARN_OBJC_ROOT_CLASS = YES_ERROR;
				CLANG_WARN_QUOTED_INCLUDE_IN_FRAMEWORK_HEADER = YES;
				CLANG_WARN_RANGE_LOOP_ANALYSIS = YES;
				CLANG_WARN_STRICT_PROTOTYPES = YES;
				CLANG_WARN_SUSPICIOUS_MOVE = YES;
				CLANG_WARN_UNGUARDED_AVAILABILITY = YES_AGGRESSIVE;
				CLANG_WARN_UNREACHABLE_CODE = YES;
				CLANG_WARN__DUPLICATE_METHOD_MATCH = YES;
				COPY_PHASE_STRIP = NO;
				DEBUG_INFORMATION_FORMAT = dwarf;
				ENABLE_STRICT_OBJC_MSGSEND = YES;
				ENABLE_TESTABILITY = YES;
				GCC_C_LANGUAGE_STANDARD = gnu11;
				GCC_DYNAMIC_NO_PIC = NO;
				GCC_NO_COMMON_BLOCKS = YES;
				GCC_OPTIMIZATION_LEVEL = 0;
				GCC_PREPROCESSOR_DEFINITIONS = (
					"DEBUG=1",
					"$(inherited)",
				);
				GCC_WARN_64_TO_32_BIT_CONVERSION = YES;
				GCC_WARN_ABOUT_RETURN_TYPE = YES_ERROR;
				GCC_WARN_UNDECLARED_SELECTOR = YES;
				GCC_WARN_UNINITIALIZED_AUTOS = YES_AGGRESSIVE;
				GCC_WARN_UNUSED_FUNCTION = YES;
				GCC_WARN_UNUSED_VARIABLE = YES;
				IPHONEOS_DEPLOYMENT_TARGET = 15.4;
				MTL_ENABLE_DEBUG_INFO = INCLUDE_SOURCE;
				MTL_FAST_MATH = YES;
				ONLY_ACTIVE_ARCH = YES;
				SDKROOT = iphoneos;
				SWIFT_ACTIVE_COMPILATION_CONDITIONS = DEBUG;
				SWIFT_OPTIMIZATION_LEVEL = "-Onone";
			};
			name = Debug;
		};
		60C2431528001D4500D40E59 /* Release */ = {
			isa = XCBuildConfiguration;
			buildSettings = {
				ALWAYS_SEARCH_USER_PATHS = NO;
				CLANG_ANALYZER_NONNULL = YES;
				CLANG_ANALYZER_NUMBER_OBJECT_CONVERSION = YES_AGGRESSIVE;
				CLANG_CXX_LANGUAGE_STANDARD = "gnu++17";
				CLANG_ENABLE_MODULES = YES;
				CLANG_ENABLE_OBJC_ARC = YES;
				CLANG_ENABLE_OBJC_WEAK = YES;
				CLANG_WARN_BLOCK_CAPTURE_AUTORELEASING = YES;
				CLANG_WARN_BOOL_CONVERSION = YES;
				CLANG_WARN_COMMA = YES;
				CLANG_WARN_CONSTANT_CONVERSION = YES;
				CLANG_WARN_DEPRECATED_OBJC_IMPLEMENTATIONS = YES;
				CLANG_WARN_DIRECT_OBJC_ISA_USAGE = YES_ERROR;
				CLANG_WARN_DOCUMENTATION_COMMENTS = YES;
				CLANG_WARN_EMPTY_BODY = YES;
				CLANG_WARN_ENUM_CONVERSION = YES;
				CLANG_WARN_INFINITE_RECURSION = YES;
				CLANG_WARN_INT_CONVERSION = YES;
				CLANG_WARN_NON_LITERAL_NULL_CONVERSION = YES;
				CLANG_WARN_OBJC_IMPLICIT_RETAIN_SELF = YES;
				CLANG_WARN_OBJC_LITERAL_CONVERSION = YES;
				CLANG_WARN_OBJC_ROOT_CLASS = YES_ERROR;
				CLANG_WARN_QUOTED_INCLUDE_IN_FRAMEWORK_HEADER = YES;
				CLANG_WARN_RANGE_LOOP_ANALYSIS = YES;
				CLANG_WARN_STRICT_PROTOTYPES = YES;
				CLANG_WARN_SUSPICIOUS_MOVE = YES;
				CLANG_WARN_UNGUARDED_AVAILABILITY = YES_AGGRESSIVE;
				CLANG_WARN_UNREACHABLE_CODE = YES;
				CLANG_WARN__DUPLICATE_METHOD_MATCH = YES;
				COPY_PHASE_STRIP = NO;
				DEBUG_INFORMATION_FORMAT = "dwarf-with-dsym";
				ENABLE_NS_ASSERTIONS = NO;
				ENABLE_STRICT_OBJC_MSGSEND = YES;
				GCC_C_LANGUAGE_STANDARD = gnu11;
				GCC_NO_COMMON_BLOCKS = YES;
				GCC_WARN_64_TO_32_BIT_CONVERSION = YES;
				GCC_WARN_ABOUT_RETURN_TYPE = YES_ERROR;
				GCC_WARN_UNDECLARED_SELECTOR = YES;
				GCC_WARN_UNINITIALIZED_AUTOS = YES_AGGRESSIVE;
				GCC_WARN_UNUSED_FUNCTION = YES;
				GCC_WARN_UNUSED_VARIABLE = YES;
				IPHONEOS_DEPLOYMENT_TARGET = 15.4;
				MTL_ENABLE_DEBUG_INFO = NO;
				MTL_FAST_MATH = YES;
				SDKROOT = iphoneos;
				SWIFT_COMPILATION_MODE = wholemodule;
				SWIFT_OPTIMIZATION_LEVEL = "-O";
				VALIDATE_PRODUCT = YES;
			};
			name = Release;
		};
		60C2431728001D4500D40E59 /* Debug */ = {
			isa = XCBuildConfiguration;
			baseConfigurationReference = B37E7521756488CD6C143034 /* Pods-ThermostatControl.debug.xcconfig */;
			buildSettings = {
				ASSETCATALOG_COMPILER_APPICON_NAME = AppIcon;
				ASSETCATALOG_COMPILER_GLOBAL_ACCENT_COLOR_NAME = AccentColor;
				CODE_SIGN_STYLE = Automatic;
				CURRENT_PROJECT_VERSION = 1;
				DEVELOPMENT_TEAM = MW2UF479VW;
				GENERATE_INFOPLIST_FILE = YES;
				INFOPLIST_FILE = ThermostatControl/Info.plist;
				INFOPLIST_KEY_UIApplicationSupportsIndirectInputEvents = YES;
				INFOPLIST_KEY_UILaunchStoryboardName = LaunchScreen;
				INFOPLIST_KEY_UIMainStoryboardFile = Main;
				INFOPLIST_KEY_UISupportedInterfaceOrientations_iPad = "UIInterfaceOrientationPortrait UIInterfaceOrientationPortraitUpsideDown UIInterfaceOrientationLandscapeLeft UIInterfaceOrientationLandscapeRight";
				INFOPLIST_KEY_UISupportedInterfaceOrientations_iPhone = "UIInterfaceOrientationPortrait UIInterfaceOrientationLandscapeLeft UIInterfaceOrientationLandscapeRight";
				LD_RUNPATH_SEARCH_PATHS = (
					"$(inherited)",
					"@executable_path/Frameworks",
				);
				MARKETING_VERSION = 1.0;
				PRODUCT_BUNDLE_IDENTIFIER = shakuro.ThermostatControl;
				PRODUCT_NAME = "$(TARGET_NAME)";
				SWIFT_EMIT_LOC_STRINGS = YES;
				SWIFT_VERSION = 5.0;
				TARGETED_DEVICE_FAMILY = "1,2";
			};
			name = Debug;
		};
		60C2431828001D4500D40E59 /* Release */ = {
			isa = XCBuildConfiguration;
			baseConfigurationReference = C670F86A43B8ECAB742720D1 /* Pods-ThermostatControl.release.xcconfig */;
			buildSettings = {
				ASSETCATALOG_COMPILER_APPICON_NAME = AppIcon;
				ASSETCATALOG_COMPILER_GLOBAL_ACCENT_COLOR_NAME = AccentColor;
				CODE_SIGN_STYLE = Automatic;
				CURRENT_PROJECT_VERSION = 1;
				DEVELOPMENT_TEAM = MW2UF479VW;
				GENERATE_INFOPLIST_FILE = YES;
				INFOPLIST_FILE = ThermostatControl/Info.plist;
				INFOPLIST_KEY_UIApplicationSupportsIndirectInputEvents = YES;
				INFOPLIST_KEY_UILaunchStoryboardName = LaunchScreen;
				INFOPLIST_KEY_UIMainStoryboardFile = Main;
				INFOPLIST_KEY_UISupportedInterfaceOrientations_iPad = "UIInterfaceOrientationPortrait UIInterfaceOrientationPortraitUpsideDown UIInterfaceOrientationLandscapeLeft UIInterfaceOrientationLandscapeRight";
				INFOPLIST_KEY_UISupportedInterfaceOrientations_iPhone = "UIInterfaceOrientationPortrait UIInterfaceOrientationLandscapeLeft UIInterfaceOrientationLandscapeRight";
				LD_RUNPATH_SEARCH_PATHS = (
					"$(inherited)",
					"@executable_path/Frameworks",
				);
				MARKETING_VERSION = 1.0;
				PRODUCT_BUNDLE_IDENTIFIER = shakuro.ThermostatControl;
				PRODUCT_NAME = "$(TARGET_NAME)";
				SWIFT_EMIT_LOC_STRINGS = YES;
				SWIFT_VERSION = 5.0;
				TARGETED_DEVICE_FAMILY = "1,2";
			};
			name = Release;
		};
/* End XCBuildConfiguration section */

/* Begin XCConfigurationList section */
		60C242FD28001D4100D40E59 /* Build configuration list for PBXProject "ThermostatControl" */ = {
			isa = XCConfigurationList;
			buildConfigurations = (
				60C2431428001D4500D40E59 /* Debug */,
				60C2431528001D4500D40E59 /* Release */,
			);
			defaultConfigurationIsVisible = 0;
			defaultConfigurationName = Release;
		};
		60C2431628001D4500D40E59 /* Build configuration list for PBXNativeTarget "ThermostatControl" */ = {
			isa = XCConfigurationList;
			buildConfigurations = (
				60C2431728001D4500D40E59 /* Debug */,
				60C2431828001D4500D40E59 /* Release */,
			);
			defaultConfigurationIsVisible = 0;
			defaultConfigurationName = Release;
		};
/* End XCConfigurationList section */
	};
	rootObject = 60C242FA28001D4100D40E59 /* Project object */;
}
